
Microsoft Visual Studio Solution File, Format Version 12.00
# Visual Studio Version 17
VisualStudioVersion = 17.1.32210.238
MinimumVisualStudioVersion = 10.0.40219.1
Project("{FAE04EC0-301F-11D3-BF4B-00C04F79EFBC}") = "DiscordBot_API", "DiscordBot_API\DiscordBot_API.csproj", "{2660BCF4-8A62-4741-8621-7F32D6D22C54}"
EndProject
Global
	GlobalSection(SolutionConfigurationPlatforms) = preSolution
		Debug|Any CPU = Debug|Any CPU
		Release|Any CPU = Release|Any CPU
	EndGlobalSection
	GlobalSection(ProjectConfigurationPlatforms) = postSolution
		{2660BCF4-8A62-4741-8621-7F32D6D22C54}.Debug|Any CPU.ActiveCfg = Debug|Any CPU
		{2660BCF4-8A62-4741-8621-7F32D6D22C54}.Debug|Any CPU.Build.0 = Debug|Any CPU
		{2660BCF4-8A62-4741-8621-7F32D6D22C54}.Release|Any CPU.ActiveCfg = Release|Any CPU
		{2660BCF4-8A62-4741-8621-7F32D6D22C54}.Release|Any CPU.Build.0 = Release|Any CPU
	EndGlobalSection
	GlobalSection(SolutionProperties) = preSolution
		HideSolutionNode = FALSE
	EndGlobalSection
	GlobalSection(ExtensibilityGlobals) = postSolution
		SolutionGuid = {C735C86C-B973-4121-B557-0F24E5BB27D5}
	EndGlobalSection
EndGlobal
